// !$*UTF8*$!
{
	archiveVersion = 1;
	classes = {
	};
	objectVersion = 46;
	objects = {

/* Begin PBXBuildFile section */
		070A0D7E1EC0C4C200F5AE65 /* QRViewController.swift in Sources */ = {isa = PBXBuildFile; fileRef = 070A0D7D1EC0C4C200F5AE65 /* QRViewController.swift */; };
		07AD0E1F1EC1C14C003880F7 /* TestViewController.swift in Sources */ = {isa = PBXBuildFile; fileRef = 07AD0E1E1EC1C14C003880F7 /* TestViewController.swift */; };
		07AD0E231EC1E346003880F7 /* ListTableViewCell.swift in Sources */ = {isa = PBXBuildFile; fileRef = 07AD0E221EC1E346003880F7 /* ListTableViewCell.swift */; };
		07AD0E251EC1EF1B003880F7 /* SendTableViewCell.swift in Sources */ = {isa = PBXBuildFile; fileRef = 07AD0E241EC1EF1B003880F7 /* SendTableViewCell.swift */; };
		AC2035F31E97FA910087C055 /* BalanceTableViewCell.swift in Sources */ = {isa = PBXBuildFile; fileRef = AC2035F21E97FA910087C055 /* BalanceTableViewCell.swift */; };
		AC2035F51E981F6E0087C055 /* AdressTableViewCell.swift in Sources */ = {isa = PBXBuildFile; fileRef = AC2035F41E981F6E0087C055 /* AdressTableViewCell.swift */; };
		AC29216F1E76DFD5001C64D5 /* NavigationViewController.swift in Sources */ = {isa = PBXBuildFile; fileRef = AC29216E1E76DFD5001C64D5 /* NavigationViewController.swift */; };
		AC2921711E76E4E4001C64D5 /* CellTableViewCell.swift in Sources */ = {isa = PBXBuildFile; fileRef = AC2921701E76E4E4001C64D5 /* CellTableViewCell.swift */; };
		AC2921731E76E60E001C64D5 /* TableViewController.swift in Sources */ = {isa = PBXBuildFile; fileRef = AC2921721E76E60E001C64D5 /* TableViewController.swift */; };
		AC2921761E76FDE0001C64D5 /* SendViewController.swift in Sources */ = {isa = PBXBuildFile; fileRef = AC2921751E76FDE0001C64D5 /* SendViewController.swift */; };
		AC695CF81E77DF330042AE2B /* ReceiveViewController.swift in Sources */ = {isa = PBXBuildFile; fileRef = AC695CF71E77DF330042AE2B /* ReceiveViewController.swift */; };
		AC695CFA1E77F5850042AE2B /* ListViewController.swift in Sources */ = {isa = PBXBuildFile; fileRef = AC695CF91E77F5850042AE2B /* ListViewController.swift */; };
		AC90580C1E7959B4000418F0 /* Main.storyboard in Resources */ = {isa = PBXBuildFile; fileRef = AC90580A1E7959B4000418F0 /* Main.storyboard */; };
		ACBCE0751E716C3C00D372E7 /* AppDelegate.swift in Sources */ = {isa = PBXBuildFile; fileRef = ACBCE0741E716C3C00D372E7 /* AppDelegate.swift */; };
		ACBCE0771E716C3C00D372E7 /* ViewController.swift in Sources */ = {isa = PBXBuildFile; fileRef = ACBCE0761E716C3C00D372E7 /* ViewController.swift */; };
		ACBCE07D1E716C3C00D372E7 /* BalanS.xcdatamodeld in Sources */ = {isa = PBXBuildFile; fileRef = ACBCE07B1E716C3C00D372E7 /* BalanS.xcdatamodeld */; };
		ACBCE07F1E716C3C00D372E7 /* Assets.xcassets in Resources */ = {isa = PBXBuildFile; fileRef = ACBCE07E1E716C3C00D372E7 /* Assets.xcassets */; };
		ACBCE0821E716C3C00D372E7 /* LaunchScreen.storyboard in Resources */ = {isa = PBXBuildFile; fileRef = ACBCE0801E716C3C00D372E7 /* LaunchScreen.storyboard */; };
		ACBCE08D1E716C3D00D372E7 /* BalanSTests.swift in Sources */ = {isa = PBXBuildFile; fileRef = ACBCE08C1E716C3D00D372E7 /* BalanSTests.swift */; };
		ACBCE0981E716C3D00D372E7 /* BalanSUITests.swift in Sources */ = {isa = PBXBuildFile; fileRef = ACBCE0971E716C3D00D372E7 /* BalanSUITests.swift */; };
		ACBCE0A81E71728300D372E7 /* SWRevealViewController.m in Sources */ = {isa = PBXBuildFile; fileRef = ACBCE0A71E71728300D372E7 /* SWRevealViewController.m */; };
		ACF0DBB81E7A88B30056F20B /* ContactTableViewCell.swift in Sources */ = {isa = PBXBuildFile; fileRef = ACF0DBB71E7A88B30056F20B /* ContactTableViewCell.swift */; };
		ACF0DBBA1E7A89CE0056F20B /* ContactViewController.swift in Sources */ = {isa = PBXBuildFile; fileRef = ACF0DBB91E7A89CE0056F20B /* ContactViewController.swift */; };
		ACF0DBBC1E7AA27B0056F20B /* File in Resources */ = {isa = PBXBuildFile; fileRef = ACF0DBBB1E7AA27B0056F20B /* File */; };
		ACF0DBBE1E7AA3B00056F20B /* DodajViewController.swift in Sources */ = {isa = PBXBuildFile; fileRef = ACF0DBBD1E7AA3AF0056F20B /* DodajViewController.swift */; };
/* End PBXBuildFile section */

/* Begin PBXContainerItemProxy section */
		ACBCE0891E716C3D00D372E7 /* PBXContainerItemProxy */ = {
			isa = PBXContainerItemProxy;
			containerPortal = ACBCE0691E716C3C00D372E7 /* Project object */;
			proxyType = 1;
			remoteGlobalIDString = ACBCE0701E716C3C00D372E7;
			remoteInfo = BalanS;
		};
		ACBCE0941E716C3D00D372E7 /* PBXContainerItemProxy */ = {
			isa = PBXContainerItemProxy;
			containerPortal = ACBCE0691E716C3C00D372E7 /* Project object */;
			proxyType = 1;
			remoteGlobalIDString = ACBCE0701E716C3C00D372E7;
			remoteInfo = BalanS;
		};
/* End PBXContainerItemProxy section */

/* Begin PBXFileReference section */
		070A0D7D1EC0C4C200F5AE65 /* QRViewController.swift */ = {isa = PBXFileReference; fileEncoding = 4; lastKnownFileType = sourcecode.swift; path = QRViewController.swift; sourceTree = "<group>"; };
		07AD0E1E1EC1C14C003880F7 /* TestViewController.swift */ = {isa = PBXFileReference; fileEncoding = 4; lastKnownFileType = sourcecode.swift; path = TestViewController.swift; sourceTree = "<group>"; };
		07AD0E221EC1E346003880F7 /* ListTableViewCell.swift */ = {isa = PBXFileReference; fileEncoding = 4; lastKnownFileType = sourcecode.swift; path = ListTableViewCell.swift; sourceTree = "<group>"; };
		07AD0E241EC1EF1B003880F7 /* SendTableViewCell.swift */ = {isa = PBXFileReference; fileEncoding = 4; lastKnownFileType = sourcecode.swift; path = SendTableViewCell.swift; sourceTree = "<group>"; };
		AC2035F21E97FA910087C055 /* BalanceTableViewCell.swift */ = {isa = PBXFileReference; fileEncoding = 4; lastKnownFileType = sourcecode.swift; name = BalanceTableViewCell.swift; path = ../BalanceTableViewCell.swift; sourceTree = "<group>"; };
		AC2035F41E981F6E0087C055 /* AdressTableViewCell.swift */ = {isa = PBXFileReference; fileEncoding = 4; lastKnownFileType = sourcecode.swift; path = AdressTableViewCell.swift; sourceTree = "<group>"; };
		AC29216E1E76DFD5001C64D5 /* NavigationViewController.swift */ = {isa = PBXFileReference; fileEncoding = 4; lastKnownFileType = sourcecode.swift; path = NavigationViewController.swift; sourceTree = "<group>"; };
		AC2921701E76E4E4001C64D5 /* CellTableViewCell.swift */ = {isa = PBXFileReference; fileEncoding = 4; lastKnownFileType = sourcecode.swift; name = CellTableViewCell.swift; path = ../CellTableViewCell.swift; sourceTree = "<group>"; };
		AC2921721E76E60E001C64D5 /* TableViewController.swift */ = {isa = PBXFileReference; fileEncoding = 4; lastKnownFileType = sourcecode.swift; name = TableViewController.swift; path = ../TableViewController.swift; sourceTree = "<group>"; };
		AC2921751E76FDE0001C64D5 /* SendViewController.swift */ = {isa = PBXFileReference; fileEncoding = 4; lastKnownFileType = sourcecode.swift; path = SendViewController.swift; sourceTree = "<group>"; };
		AC695CF71E77DF330042AE2B /* ReceiveViewController.swift */ = {isa = PBXFileReference; fileEncoding = 4; lastKnownFileType = sourcecode.swift; path = ReceiveViewController.swift; sourceTree = "<group>"; };
		AC695CF91E77F5850042AE2B /* ListViewController.swift */ = {isa = PBXFileReference; fileEncoding = 4; lastKnownFileType = sourcecode.swift; path = ListViewController.swift; sourceTree = "<group>"; };
		AC90580B1E7959B4000418F0 /* Base */ = {isa = PBXFileReference; lastKnownFileType = file.storyboard; name = Base; path = Base.lproj/Main.storyboard; sourceTree = "<group>"; };
		ACBCE0711E716C3C00D372E7 /* BalanS.app */ = {isa = PBXFileReference; explicitFileType = wrapper.application; includeInIndex = 0; path = BalanS.app; sourceTree = BUILT_PRODUCTS_DIR; };
		ACBCE0741E716C3C00D372E7 /* AppDelegate.swift */ = {isa = PBXFileReference; lastKnownFileType = sourcecode.swift; path = AppDelegate.swift; sourceTree = "<group>"; };
		ACBCE0761E716C3C00D372E7 /* ViewController.swift */ = {isa = PBXFileReference; lastKnownFileType = sourcecode.swift; path = ViewController.swift; sourceTree = "<group>"; };
		ACBCE07C1E716C3C00D372E7 /* BalanS.xcdatamodel */ = {isa = PBXFileReference; lastKnownFileType = wrapper.xcdatamodel; path = BalanS.xcdatamodel; sourceTree = "<group>"; };
		ACBCE07E1E716C3C00D372E7 /* Assets.xcassets */ = {isa = PBXFileReference; lastKnownFileType = folder.assetcatalog; path = Assets.xcassets; sourceTree = "<group>"; };
		ACBCE0811E716C3C00D372E7 /* Base */ = {isa = PBXFileReference; lastKnownFileType = file.storyboard; name = Base; path = Base.lproj/LaunchScreen.storyboard; sourceTree = "<group>"; };
		ACBCE0831E716C3C00D372E7 /* Info.plist */ = {isa = PBXFileReference; lastKnownFileType = text.plist.xml; path = Info.plist; sourceTree = "<group>"; };
		ACBCE0881E716C3D00D372E7 /* BalanSTests.xctest */ = {isa = PBXFileReference; explicitFileType = wrapper.cfbundle; includeInIndex = 0; path = BalanSTests.xctest; sourceTree = BUILT_PRODUCTS_DIR; };
		ACBCE08C1E716C3D00D372E7 /* BalanSTests.swift */ = {isa = PBXFileReference; lastKnownFileType = sourcecode.swift; path = BalanSTests.swift; sourceTree = "<group>"; };
		ACBCE08E1E716C3D00D372E7 /* Info.plist */ = {isa = PBXFileReference; lastKnownFileType = text.plist.xml; path = Info.plist; sourceTree = "<group>"; };
		ACBCE0931E716C3D00D372E7 /* BalanSUITests.xctest */ = {isa = PBXFileReference; explicitFileType = wrapper.cfbundle; includeInIndex = 0; path = BalanSUITests.xctest; sourceTree = BUILT_PRODUCTS_DIR; };
		ACBCE0971E716C3D00D372E7 /* BalanSUITests.swift */ = {isa = PBXFileReference; lastKnownFileType = sourcecode.swift; path = BalanSUITests.swift; sourceTree = "<group>"; };
		ACBCE0991E716C3D00D372E7 /* Info.plist */ = {isa = PBXFileReference; lastKnownFileType = text.plist.xml; path = Info.plist; sourceTree = "<group>"; };
		ACBCE0A51E71728200D372E7 /* BalanS-Bridging-Header.h */ = {isa = PBXFileReference; lastKnownFileType = sourcecode.c.h; path = "BalanS-Bridging-Header.h"; sourceTree = "<group>"; };
		ACBCE0A61E71728300D372E7 /* SWRevealViewController.h */ = {isa = PBXFileReference; fileEncoding = 4; lastKnownFileType = sourcecode.c.h; name = SWRevealViewController.h; path = SWRevealViewController/SWRevealViewController.h; sourceTree = SOURCE_ROOT; };
		ACBCE0A71E71728300D372E7 /* SWRevealViewController.m */ = {isa = PBXFileReference; fileEncoding = 4; lastKnownFileType = sourcecode.c.objc; name = SWRevealViewController.m; path = SWRevealViewController/SWRevealViewController.m; sourceTree = SOURCE_ROOT; };
		ACF0DBB71E7A88B30056F20B /* ContactTableViewCell.swift */ = {isa = PBXFileReference; fileEncoding = 4; lastKnownFileType = sourcecode.swift; path = ContactTableViewCell.swift; sourceTree = "<group>"; };
		ACF0DBB91E7A89CE0056F20B /* ContactViewController.swift */ = {isa = PBXFileReference; fileEncoding = 4; lastKnownFileType = sourcecode.swift; path = ContactViewController.swift; sourceTree = "<group>"; };
		ACF0DBBB1E7AA27B0056F20B /* File */ = {isa = PBXFileReference; fileEncoding = 4; lastKnownFileType = text; path = File; sourceTree = "<group>"; };
		ACF0DBBD1E7AA3AF0056F20B /* DodajViewController.swift */ = {isa = PBXFileReference; fileEncoding = 4; lastKnownFileType = sourcecode.swift; path = DodajViewController.swift; sourceTree = "<group>"; };
/* End PBXFileReference section */

/* Begin PBXFrameworksBuildPhase section */
		ACBCE06E1E716C3C00D372E7 /* Frameworks */ = {
			isa = PBXFrameworksBuildPhase;
			buildActionMask = 2147483647;
			files = (
			);
			runOnlyForDeploymentPostprocessing = 0;
		};
		ACBCE0851E716C3D00D372E7 /* Frameworks */ = {
			isa = PBXFrameworksBuildPhase;
			buildActionMask = 2147483647;
			files = (
			);
			runOnlyForDeploymentPostprocessing = 0;
		};
		ACBCE0901E716C3D00D372E7 /* Frameworks */ = {
			isa = PBXFrameworksBuildPhase;
			buildActionMask = 2147483647;
			files = (
			);
			runOnlyForDeploymentPostprocessing = 0;
		};
/* End PBXFrameworksBuildPhase section */

/* Begin PBXGroup section */
		070A0D7C1EC0C05F00F5AE65 /* ViewControl */ = {
			isa = PBXGroup;
			children = (
				ACBCE0761E716C3C00D372E7 /* ViewController.swift */,
				AC2921751E76FDE0001C64D5 /* SendViewController.swift */,
				AC2921721E76E60E001C64D5 /* TableViewController.swift */,
				AC29216E1E76DFD5001C64D5 /* NavigationViewController.swift */,
				AC695CF91E77F5850042AE2B /* ListViewController.swift */,
				AC695CF71E77DF330042AE2B /* ReceiveViewController.swift */,
				ACF0DBB91E7A89CE0056F20B /* ContactViewController.swift */,
				ACF0DBBD1E7AA3AF0056F20B /* DodajViewController.swift */,
				070A0D7D1EC0C4C200F5AE65 /* QRViewController.swift */,
			);
			name = ViewControl;
			sourceTree = "<group>";
		};
		AC2921741E76EE2D001C64D5 /* LeftSlider */ = {
			isa = PBXGroup;
			children = (
				ACBCE0A71E71728300D372E7 /* SWRevealViewController.m */,
				ACBCE0A61E71728300D372E7 /* SWRevealViewController.h */,
				ACBCE0A51E71728200D372E7 /* BalanS-Bridging-Header.h */,
			);
			name = LeftSlider;
			sourceTree = "<group>";
		};
		ACBCE0681E716C3C00D372E7 = {
			isa = PBXGroup;
			children = (
				ACF0DBBB1E7AA27B0056F20B /* File */,
				ACBCE0731E716C3C00D372E7 /* BalanS */,
				ACBCE08B1E716C3D00D372E7 /* BalanSTests */,
				ACBCE0961E716C3D00D372E7 /* BalanSUITests */,
				ACBCE0721E716C3C00D372E7 /* Products */,
			);
			sourceTree = "<group>";
		};
		ACBCE0721E716C3C00D372E7 /* Products */ = {
			isa = PBXGroup;
			children = (
				ACBCE0711E716C3C00D372E7 /* BalanS.app */,
				ACBCE0881E716C3D00D372E7 /* BalanSTests.xctest */,
				ACBCE0931E716C3D00D372E7 /* BalanSUITests.xctest */,
			);
			name = Products;
			sourceTree = "<group>";
		};
		ACBCE0731E716C3C00D372E7 /* BalanS */ = {
			isa = PBXGroup;
			children = (
				ACBCE0741E716C3C00D372E7 /* AppDelegate.swift */,
				07AD0E1E1EC1C14C003880F7 /* TestViewController.swift */,
				AC90580A1E7959B4000418F0 /* Main.storyboard */,
				ACBCE0801E716C3C00D372E7 /* LaunchScreen.storyboard */,
				ACBCE0831E716C3C00D372E7 /* Info.plist */,
				ACBCE07B1E716C3C00D372E7 /* BalanS.xcdatamodeld */,
				ACBCE07E1E716C3C00D372E7 /* Assets.xcassets */,
				070A0D7C1EC0C05F00F5AE65 /* ViewControl */,
				AC2921741E76EE2D001C64D5 /* LeftSlider */,
				ACFDB77D1E792BE7007699E6 /* TableViewCell */,
			);
			path = BalanS;
			sourceTree = "<group>";
		};
		ACBCE08B1E716C3D00D372E7 /* BalanSTests */ = {
			isa = PBXGroup;
			children = (
				ACBCE08C1E716C3D00D372E7 /* BalanSTests.swift */,
				ACBCE08E1E716C3D00D372E7 /* Info.plist */,
			);
			path = BalanSTests;
			sourceTree = "<group>";
		};
		ACBCE0961E716C3D00D372E7 /* BalanSUITests */ = {
			isa = PBXGroup;
			children = (
				ACBCE0971E716C3D00D372E7 /* BalanSUITests.swift */,
				ACBCE0991E716C3D00D372E7 /* Info.plist */,
			);
			path = BalanSUITests;
			sourceTree = "<group>";
		};
		ACFDB77D1E792BE7007699E6 /* TableViewCell */ = {
			isa = PBXGroup;
			children = (
				AC2921701E76E4E4001C64D5 /* CellTableViewCell.swift */,
				ACF0DBB71E7A88B30056F20B /* ContactTableViewCell.swift */,
				AC2035F41E981F6E0087C055 /* AdressTableViewCell.swift */,
				AC2035F21E97FA910087C055 /* BalanceTableViewCell.swift */,
				07AD0E221EC1E346003880F7 /* ListTableViewCell.swift */,
				07AD0E241EC1EF1B003880F7 /* SendTableViewCell.swift */,
			);
			name = TableViewCell;
			sourceTree = "<group>";
		};
/* End PBXGroup section */

/* Begin PBXNativeTarget section */
		ACBCE0701E716C3C00D372E7 /* BalanS */ = {
			isa = PBXNativeTarget;
			buildConfigurationList = ACBCE09C1E716C3D00D372E7 /* Build configuration list for PBXNativeTarget "BalanS" */;
			buildPhases = (
				ACBCE06D1E716C3C00D372E7 /* Sources */,
				ACBCE06E1E716C3C00D372E7 /* Frameworks */,
				ACBCE06F1E716C3C00D372E7 /* Resources */,
			);
			buildRules = (
			);
			dependencies = (
			);
			name = BalanS;
			productName = BalanS;
			productReference = ACBCE0711E716C3C00D372E7 /* BalanS.app */;
			productType = "com.apple.product-type.application";
		};
		ACBCE0871E716C3D00D372E7 /* BalanSTests */ = {
			isa = PBXNativeTarget;
			buildConfigurationList = ACBCE09F1E716C3D00D372E7 /* Build configuration list for PBXNativeTarget "BalanSTests" */;
			buildPhases = (
				ACBCE0841E716C3D00D372E7 /* Sources */,
				ACBCE0851E716C3D00D372E7 /* Frameworks */,
				ACBCE0861E716C3D00D372E7 /* Resources */,
			);
			buildRules = (
			);
			dependencies = (
				ACBCE08A1E716C3D00D372E7 /* PBXTargetDependency */,
			);
			name = BalanSTests;
			productName = BalanSTests;
			productReference = ACBCE0881E716C3D00D372E7 /* BalanSTests.xctest */;
			productType = "com.apple.product-type.bundle.unit-test";
		};
		ACBCE0921E716C3D00D372E7 /* BalanSUITests */ = {
			isa = PBXNativeTarget;
			buildConfigurationList = ACBCE0A21E716C3D00D372E7 /* Build configuration list for PBXNativeTarget "BalanSUITests" */;
			buildPhases = (
				ACBCE08F1E716C3D00D372E7 /* Sources */,
				ACBCE0901E716C3D00D372E7 /* Frameworks */,
				ACBCE0911E716C3D00D372E7 /* Resources */,
			);
			buildRules = (
			);
			dependencies = (
				ACBCE0951E716C3D00D372E7 /* PBXTargetDependency */,
			);
			name = BalanSUITests;
			productName = BalanSUITests;
			productReference = ACBCE0931E716C3D00D372E7 /* BalanSUITests.xctest */;
			productType = "com.apple.product-type.bundle.ui-testing";
		};
/* End PBXNativeTarget section */

/* Begin PBXProject section */
		ACBCE0691E716C3C00D372E7 /* Project object */ = {
			isa = PBXProject;
			attributes = {
				LastSwiftUpdateCheck = 0820;
				LastUpgradeCheck = 0820;
				ORGANIZATIONNAME = "Stefan Djordjevic";
				TargetAttributes = {
					ACBCE0701E716C3C00D372E7 = {
						CreatedOnToolsVersion = 8.2.1;
						LastSwiftMigration = 0820;
						ProvisioningStyle = Automatic;
					};
					ACBCE0871E716C3D00D372E7 = {
						CreatedOnToolsVersion = 8.2.1;
						ProvisioningStyle = Automatic;
						TestTargetID = ACBCE0701E716C3C00D372E7;
					};
					ACBCE0921E716C3D00D372E7 = {
						CreatedOnToolsVersion = 8.2.1;
						ProvisioningStyle = Automatic;
						TestTargetID = ACBCE0701E716C3C00D372E7;
					};
				};
			};
			buildConfigurationList = ACBCE06C1E716C3C00D372E7 /* Build configuration list for PBXProject "BalanS" */;
			compatibilityVersion = "Xcode 3.2";
			developmentRegion = English;
			hasScannedForEncodings = 0;
			knownRegions = (
				en,
				Base,
			);
			mainGroup = ACBCE0681E716C3C00D372E7;
			productRefGroup = ACBCE0721E716C3C00D372E7 /* Products */;
			projectDirPath = "";
			projectRoot = "";
			targets = (
				ACBCE0701E716C3C00D372E7 /* BalanS */,
				ACBCE0871E716C3D00D372E7 /* BalanSTests */,
				ACBCE0921E716C3D00D372E7 /* BalanSUITests */,
			);
		};
/* End PBXProject section */

/* Begin PBXResourcesBuildPhase section */
		ACBCE06F1E716C3C00D372E7 /* Resources */ = {
			isa = PBXResourcesBuildPhase;
			buildActionMask = 2147483647;
			files = (
				ACF0DBBC1E7AA27B0056F20B /* File in Resources */,
				AC90580C1E7959B4000418F0 /* Main.storyboard in Resources */,
				ACBCE0821E716C3C00D372E7 /* LaunchScreen.storyboard in Resources */,
				ACBCE07F1E716C3C00D372E7 /* Assets.xcassets in Resources */,
			);
			runOnlyForDeploymentPostprocessing = 0;
		};
		ACBCE0861E716C3D00D372E7 /* Resources */ = {
			isa = PBXResourcesBuildPhase;
			buildActionMask = 2147483647;
			files = (
			);
			runOnlyForDeploymentPostprocessing = 0;
		};
		ACBCE0911E716C3D00D372E7 /* Resources */ = {
			isa = PBXResourcesBuildPhase;
			buildActionMask = 2147483647;
			files = (
			);
			runOnlyForDeploymentPostprocessing = 0;
		};
/* End PBXResourcesBuildPhase section */

/* Begin PBXSourcesBuildPhase section */
		ACBCE06D1E716C3C00D372E7 /* Sources */ = {
			isa = PBXSourcesBuildPhase;
			buildActionMask = 2147483647;
			files = (
				07AD0E251EC1EF1B003880F7 /* SendTableViewCell.swift in Sources */,
				ACBCE07D1E716C3C00D372E7 /* BalanS.xcdatamodeld in Sources */,
				ACF0DBBA1E7A89CE0056F20B /* ContactViewController.swift in Sources */,
				07AD0E1F1EC1C14C003880F7 /* TestViewController.swift in Sources */,
				070A0D7E1EC0C4C200F5AE65 /* QRViewController.swift in Sources */,
				AC2035F31E97FA910087C055 /* BalanceTableViewCell.swift in Sources */,
				07AD0E231EC1E346003880F7 /* ListTableViewCell.swift in Sources */,
				AC695CF81E77DF330042AE2B /* ReceiveViewController.swift in Sources */,
				AC2921731E76E60E001C64D5 /* TableViewController.swift in Sources */,
				ACF0DBB81E7A88B30056F20B /* ContactTableViewCell.swift in Sources */,
				ACBCE0771E716C3C00D372E7 /* ViewController.swift in Sources */,
				ACBCE0751E716C3C00D372E7 /* AppDelegate.swift in Sources */,
				ACF0DBBE1E7AA3B00056F20B /* DodajViewController.swift in Sources */,
				AC2035F51E981F6E0087C055 /* AdressTableViewCell.swift in Sources */,
				AC2921761E76FDE0001C64D5 /* SendViewController.swift in Sources */,
				AC2921711E76E4E4001C64D5 /* CellTableViewCell.swift in Sources */,
				AC29216F1E76DFD5001C64D5 /* NavigationViewController.swift in Sources */,
				AC695CFA1E77F5850042AE2B /* ListViewController.swift in Sources */,
				ACBCE0A81E71728300D372E7 /* SWRevealViewController.m in Sources */,
			);
			runOnlyForDeploymentPostprocessing = 0;
		};
		ACBCE0841E716C3D00D372E7 /* Sources */ = {
			isa = PBXSourcesBuildPhase;
			buildActionMask = 2147483647;
			files = (
				ACBCE08D1E716C3D00D372E7 /* BalanSTests.swift in Sources */,
			);
			runOnlyForDeploymentPostprocessing = 0;
		};
		ACBCE08F1E716C3D00D372E7 /* Sources */ = {
			isa = PBXSourcesBuildPhase;
			buildActionMask = 2147483647;
			files = (
				ACBCE0981E716C3D00D372E7 /* BalanSUITests.swift in Sources */,
			);
			runOnlyForDeploymentPostprocessing = 0;
		};
/* End PBXSourcesBuildPhase section */

/* Begin PBXTargetDependency section */
		ACBCE08A1E716C3D00D372E7 /* PBXTargetDependency */ = {
			isa = PBXTargetDependency;
			target = ACBCE0701E716C3C00D372E7 /* BalanS */;
			targetProxy = ACBCE0891E716C3D00D372E7 /* PBXContainerItemProxy */;
		};
		ACBCE0951E716C3D00D372E7 /* PBXTargetDependency */ = {
			isa = PBXTargetDependency;
			target = ACBCE0701E716C3C00D372E7 /* BalanS */;
			targetProxy = ACBCE0941E716C3D00D372E7 /* PBXContainerItemProxy */;
		};
/* End PBXTargetDependency section */

/* Begin PBXVariantGroup section */
		AC90580A1E7959B4000418F0 /* Main.storyboard */ = {
			isa = PBXVariantGroup;
			children = (
				AC90580B1E7959B4000418F0 /* Base */,
			);
			name = Main.storyboard;
			sourceTree = "<group>";
		};
		ACBCE0801E716C3C00D372E7 /* LaunchScreen.storyboard */ = {
			isa = PBXVariantGroup;
			children = (
				ACBCE0811E716C3C00D372E7 /* Base */,
			);
			name = LaunchScreen.storyboard;
			sourceTree = "<group>";
		};
/* End PBXVariantGroup section */

/* Begin XCBuildConfiguration section */
		ACBCE09A1E716C3D00D372E7 /* Debug */ = {
			isa = XCBuildConfiguration;
			buildSettings = {
				ALWAYS_SEARCH_USER_PATHS = NO;
				CLANG_ANALYZER_NONNULL = YES;
				CLANG_CXX_LANGUAGE_STANDARD = "gnu++0x";
				CLANG_CXX_LIBRARY = "libc++";
				CLANG_ENABLE_MODULES = YES;
				CLANG_ENABLE_OBJC_ARC = YES;
				CLANG_WARN_BOOL_CONVERSION = YES;
				CLANG_WARN_CONSTANT_CONVERSION = YES;
				CLANG_WARN_DIRECT_OBJC_ISA_USAGE = YES_ERROR;
				CLANG_WARN_DOCUMENTATION_COMMENTS = YES;
				CLANG_WARN_EMPTY_BODY = YES;
				CLANG_WARN_ENUM_CONVERSION = YES;
				CLANG_WARN_INFINITE_RECURSION = YES;
				CLANG_WARN_INT_CONVERSION = YES;
				CLANG_WARN_OBJC_ROOT_CLASS = YES_ERROR;
				CLANG_WARN_SUSPICIOUS_MOVE = YES;
				CLANG_WARN_UNREACHABLE_CODE = YES;
				CLANG_WARN__DUPLICATE_METHOD_MATCH = YES;
				"CODE_SIGN_IDENTITY[sdk=iphoneos*]" = "iPhone Developer";
				COPY_PHASE_STRIP = NO;
				DEBUG_INFORMATION_FORMAT = dwarf;
				ENABLE_STRICT_OBJC_MSGSEND = YES;
				ENABLE_TESTABILITY = YES;
				GCC_C_LANGUAGE_STANDARD = gnu99;
				GCC_DYNAMIC_NO_PIC = NO;
				GCC_NO_COMMON_BLOCKS = YES;
				GCC_OPTIMIZATION_LEVEL = 0;
				GCC_PREPROCESSOR_DEFINITIONS = (
					"DEBUG=1",
					"$(inherited)",
				);
				GCC_WARN_64_TO_32_BIT_CONVERSION = YES;
				GCC_WARN_ABOUT_RETURN_TYPE = YES_ERROR;
				GCC_WARN_UNDECLARED_SELECTOR = YES;
				GCC_WARN_UNINITIALIZED_AUTOS = YES_AGGRESSIVE;
				GCC_WARN_UNUSED_FUNCTION = YES;
				GCC_WARN_UNUSED_VARIABLE = YES;
				IPHONEOS_DEPLOYMENT_TARGET = 10.2;
				MTL_ENABLE_DEBUG_INFO = YES;
				ONLY_ACTIVE_ARCH = YES;
				SDKROOT = iphoneos;
				SWIFT_ACTIVE_COMPILATION_CONDITIONS = DEBUG;
				SWIFT_OPTIMIZATION_LEVEL = "-Onone";
			};
			name = Debug;
		};
		ACBCE09B1E716C3D00D372E7 /* Release */ = {
			isa = XCBuildConfiguration;
			buildSettings = {
				ALWAYS_SEARCH_USER_PATHS = NO;
				CLANG_ANALYZER_NONNULL = YES;
				CLANG_CXX_LANGUAGE_STANDARD = "gnu++0x";
				CLANG_CXX_LIBRARY = "libc++";
				CLANG_ENABLE_MODULES = YES;
				CLANG_ENABLE_OBJC_ARC = YES;
				CLANG_WARN_BOOL_CONVERSION = YES;
				CLANG_WARN_CONSTANT_CONVERSION = YES;
				CLANG_WARN_DIRECT_OBJC_ISA_USAGE = YES_ERROR;
				CLANG_WARN_DOCUMENTATION_COMMENTS = YES;
				CLANG_WARN_EMPTY_BODY = YES;
				CLANG_WARN_ENUM_CONVERSION = YES;
				CLANG_WARN_INFINITE_RECURSION = YES;
				CLANG_WARN_INT_CONVERSION = YES;
				CLANG_WARN_OBJC_ROOT_CLASS = YES_ERROR;
				CLANG_WARN_SUSPICIOUS_MOVE = YES;
				CLANG_WARN_UNREACHABLE_CODE = YES;
				CLANG_WARN__DUPLICATE_METHOD_MATCH = YES;
				"CODE_SIGN_IDENTITY[sdk=iphoneos*]" = "iPhone Developer";
				COPY_PHASE_STRIP = NO;
				DEBUG_INFORMATION_FORMAT = "dwarf-with-dsym";
				ENABLE_NS_ASSERTIONS = NO;
				ENABLE_STRICT_OBJC_MSGSEND = YES;
				GCC_C_LANGUAGE_STANDARD = gnu99;
				GCC_NO_COMMON_BLOCKS = YES;
				GCC_WARN_64_TO_32_BIT_CONVERSION = YES;
				GCC_WARN_ABOUT_RETURN_TYPE = YES_ERROR;
				GCC_WARN_UNDECLARED_SELECTOR = YES;
				GCC_WARN_UNINITIALIZED_AUTOS = YES_AGGRESSIVE;
				GCC_WARN_UNUSED_FUNCTION = YES;
				GCC_WARN_UNUSED_VARIABLE = YES;
				IPHONEOS_DEPLOYMENT_TARGET = 10.2;
				MTL_ENABLE_DEBUG_INFO = NO;
				SDKROOT = iphoneos;
				SWIFT_OPTIMIZATION_LEVEL = "-Owholemodule";
				VALIDATE_PRODUCT = YES;
			};
			name = Release;
		};
		ACBCE09D1E716C3D00D372E7 /* Debug */ = {
			isa = XCBuildConfiguration;
			buildSettings = {
				ASSETCATALOG_COMPILER_APPICON_NAME = AppIcon;
				CLANG_ENABLE_MODULES = YES;
				INFOPLIST_FILE = BalanS/Info.plist;
				LD_RUNPATH_SEARCH_PATHS = "$(inherited) @executable_path/Frameworks";
				PRODUCT_BUNDLE_IDENTIFIER = baki.BalanS;
				PRODUCT_NAME = "$(TARGET_NAME)";
				SWIFT_OBJC_BRIDGING_HEADER = "BalanS/BalanS-Bridging-Header.h";
				SWIFT_OPTIMIZATION_LEVEL = "-Onone";
				SWIFT_VERSION = 3.0;
			};
			name = Debug;
		};
		ACBCE09E1E716C3D00D372E7 /* Release */ = {
			isa = XCBuildConfiguration;
			buildSettings = {
				ASSETCATALOG_COMPILER_APPICON_NAME = AppIcon;
				CLANG_ENABLE_MODULES = YES;
				INFOPLIST_FILE = BalanS/Info.plist;
				LD_RUNPATH_SEARCH_PATHS = "$(inherited) @executable_path/Frameworks";
				PRODUCT_BUNDLE_IDENTIFIER = baki.BalanS;
				PRODUCT_NAME = "$(TARGET_NAME)";
				SWIFT_OBJC_BRIDGING_HEADER = "BalanS/BalanS-Bridging-Header.h";
				SWIFT_VERSION = 3.0;
			};
			name = Release;
		};
		ACBCE0A01E716C3D00D372E7 /* Debug */ = {
			isa = XCBuildConfiguration;
			buildSettings = {
				ALWAYS_EMBED_SWIFT_STANDARD_LIBRARIES = YES;
				BUNDLE_LOADER = "$(TEST_HOST)";
				INFOPLIST_FILE = BalanSTests/Info.plist;
				LD_RUNPATH_SEARCH_PATHS = "$(inherited) @executable_path/Frameworks @loader_path/Frameworks";
				PRODUCT_BUNDLE_IDENTIFIER = baki.BalanSTests;
				PRODUCT_NAME = "$(TARGET_NAME)";
				SWIFT_VERSION = 3.0;
				TEST_HOST = "$(BUILT_PRODUCTS_DIR)/BalanS.app/BalanS";
			};
			name = Debug;
		};
		ACBCE0A11E716C3D00D372E7 /* Release */ = {
			isa = XCBuildConfiguration;
			buildSettings = {
				ALWAYS_EMBED_SWIFT_STANDARD_LIBRARIES = YES;
				BUNDLE_LOADER = "$(TEST_HOST)";
				INFOPLIST_FILE = BalanSTests/Info.plist;
				LD_RUNPATH_SEARCH_PATHS = "$(inherited) @executable_path/Frameworks @loader_path/Frameworks";
				PRODUCT_BUNDLE_IDENTIFIER = baki.BalanSTests;
				PRODUCT_NAME = "$(TARGET_NAME)";
				SWIFT_VERSION = 3.0;
				TEST_HOST = "$(BUILT_PRODUCTS_DIR)/BalanS.app/BalanS";
			};
			name = Release;
		};
		ACBCE0A31E716C3D00D372E7 /* Debug */ = {
			isa = XCBuildConfiguration;
			buildSettings = {
				ALWAYS_EMBED_SWIFT_STANDARD_LIBRARIES = YES;
				INFOPLIST_FILE = BalanSUITests/Info.plist;
				LD_RUNPATH_SEARCH_PATHS = "$(inherited) @executable_path/Frameworks @loader_path/Frameworks";
				PRODUCT_BUNDLE_IDENTIFIER = baki.BalanSUITests;
				PRODUCT_NAME = "$(TARGET_NAME)";
				SWIFT_VERSION = 3.0;
				TEST_TARGET_NAME = BalanS;
			};
			name = Debug;
		};
		ACBCE0A41E716C3D00D372E7 /* Release */ = {
			isa = XCBuildConfiguration;
			buildSettings = {
				ALWAYS_EMBED_SWIFT_STANDARD_LIBRARIES = YES;
				INFOPLIST_FILE = BalanSUITests/Info.plist;
				LD_RUNPATH_SEARCH_PATHS = "$(inherited) @executable_path/Frameworks @loader_path/Frameworks";
				PRODUCT_BUNDLE_IDENTIFIER = baki.BalanSUITests;
				PRODUCT_NAME = "$(TARGET_NAME)";
				SWIFT_VERSION = 3.0;
				TEST_TARGET_NAME = BalanS;
			};
			name = Release;
		};
/* End XCBuildConfiguration section */

/* Begin XCConfigurationList section */
		ACBCE06C1E716C3C00D372E7 /* Build configuration list for PBXProject "BalanS" */ = {
			isa = XCConfigurationList;
			buildConfigurations = (
				ACBCE09A1E716C3D00D372E7 /* Debug */,
				ACBCE09B1E716C3D00D372E7 /* Release */,
			);
			defaultConfigurationIsVisible = 0;
			defaultConfigurationName = Release;
		};
		ACBCE09C1E716C3D00D372E7 /* Build configuration list for PBXNativeTarget "BalanS" */ = {
			isa = XCConfigurationList;
			buildConfigurations = (
				ACBCE09D1E716C3D00D372E7 /* Debug */,
				ACBCE09E1E716C3D00D372E7 /* Release */,
			);
			defaultConfigurationIsVisible = 0;
			defaultConfigurationName = Release;
		};
		ACBCE09F1E716C3D00D372E7 /* Build configuration list for PBXNativeTarget "BalanSTests" */ = {
			isa = XCConfigurationList;
			buildConfigurations = (
				ACBCE0A01E716C3D00D372E7 /* Debug */,
				ACBCE0A11E716C3D00D372E7 /* Release */,
			);
			defaultConfigurationIsVisible = 0;
			defaultConfigurationName = Release;
		};
		ACBCE0A21E716C3D00D372E7 /* Build configuration list for PBXNativeTarget "BalanSUITests" */ = {
			isa = XCConfigurationList;
			buildConfigurations = (
				ACBCE0A31E716C3D00D372E7 /* Debug */,
				ACBCE0A41E716C3D00D372E7 /* Release */,
			);
			defaultConfigurationIsVisible = 0;
			defaultConfigurationName = Release;
		};
/* End XCConfigurationList section */

/* Begin XCVersionGroup section */
		ACBCE07B1E716C3C00D372E7 /* BalanS.xcdatamodeld */ = {
			isa = XCVersionGroup;
			children = (
				ACBCE07C1E716C3C00D372E7 /* BalanS.xcdatamodel */,
			);
			currentVersion = ACBCE07C1E716C3C00D372E7 /* BalanS.xcdatamodel */;
			path = BalanS.xcdatamodeld;
			sourceTree = "<group>";
			versionGroupType = wrapper.xcdatamodel;
		};
/* End XCVersionGroup section */
	};
	rootObject = ACBCE0691E716C3C00D372E7 /* Project object */;
}
